
Microsoft Visual Studio Solution File, Format Version 12.00
# Visual Studio Version 17
VisualStudioVersion = 17.8.34309.116
MinimumVisualStudioVersion = 10.0.40219.1
Project("{9A19103F-16F7-4668-BE54-9A1E7A4F7556}") = "FlomtManager.App", "src\FlomtManager.App\FlomtManager.App.csproj", "{F3C98D81-F756-4845-8806-7B46D427AE58}"
EndProject
Project("{9A19103F-16F7-4668-BE54-9A1E7A4F7556}") = "FlomtManager.Core", "src\FlomtManager.Core\FlomtManager.Core.csproj", "{5C5403FA-0066-4631-9F6A-4C527167A1B3}"
EndProject
Project("{9A19103F-16F7-4668-BE54-9A1E7A4F7556}") = "FlomtManager.Framework", "src\FlomtManager.Framework\FlomtManager.Framework.csproj", "{4868329E-18DD-421A-9D71-016324E15E7D}"
EndProject
Project("{9A19103F-16F7-4668-BE54-9A1E7A4F7556}") = "FlomtManager.Modbus", "src\FlomtManager.Modbus\FlomtManager.Modbus.csproj", "{2B5BB13E-0EB6-42E9-B17F-D07C940A2D54}"
EndProject
Project("{9A19103F-16F7-4668-BE54-9A1E7A4F7556}") = "FlomtManager.ModbusTest", "src\FlomtManager.ModbusTest\FlomtManager.ModbusTest.csproj", "{4939BF32-185B-4B5E-8921-47B4CDB70A8B}"
EndProject
Project("{9A19103F-16F7-4668-BE54-9A1E7A4F7556}") = "FlomtManager.MemoryReader", "src\FlomtManager.MemoryReader\FlomtManager.MemoryReader.csproj", "{65688AB3-DC5C-4EA3-9C21-92C8108B0790}"
EndProject
Project("{2150E333-8FDC-42A3-9474-1A3956D46DE8}") = "Apps", "Apps", "{9713B9C0-506A-4157-B5A6-90E2245B3C32}"
EndProject
Project("{2150E333-8FDC-42A3-9474-1A3956D46DE8}") = "build", "build", "{50985161-B3B6-425C-92F1-24360C0B147E}"
	ProjectSection(SolutionItems) = preProject
		directory.build.props = directory.build.props
		directory.packages.props = directory.packages.props
	EndProjectSection
EndProject
Project("{9A19103F-16F7-4668-BE54-9A1E7A4F7556}") = "FlomtManager.Framework.Skia", "src\FlomtManager.Framework.Skia\FlomtManager.Framework.Skia.csproj", "{311EE259-E1CF-4508-A1E9-D57CE04983D6}"
EndProject
Project("{FAE04EC0-301F-11D3-BF4B-00C04F79EFBC}") = "FlomtManager.Infrastructure", "src\FlomtManager.Infrastructure\FlomtManager.Infrastructure.csproj", "{76A6A519-AC0A-42CE-8001-54E32D5FC390}"
EndProject
Project("{FAE04EC0-301F-11D3-BF4B-00C04F79EFBC}") = "FlomtManager.Application", "src\FlomtManager.Application\FlomtManager.Application.csproj", "{564BC562-E41F-4D2B-81FC-B376384D2251}"
EndProject
Project("{2150E333-8FDC-42A3-9474-1A3956D46DE8}") = "Solution Items", "Solution Items", "{B52CFF42-D682-4E59-881D-088CD6464DB5}"
	ProjectSection(SolutionItems) = preProject
		.editorconfig = .editorconfig
	EndProjectSection
EndProject
Project("{FAE04EC0-301F-11D3-BF4B-00C04F79EFBC}") = "FlomtManager.Domain", "src\FlomtManager.Domain\FlomtManager.Domain.csproj", "{0CBEEA0F-0340-4C10-AD85-BC3F04A67779}"
EndProject
Global
	GlobalSection(SolutionConfigurationPlatforms) = preSolution
		Debug|Any CPU = Debug|Any CPU
		Release|Any CPU = Release|Any CPU
	EndGlobalSection
	GlobalSection(ProjectConfigurationPlatforms) = postSolution
		{F3C98D81-F756-4845-8806-7B46D427AE58}.Debug|Any CPU.ActiveCfg = Debug|Any CPU
		{F3C98D81-F756-4845-8806-7B46D427AE58}.Debug|Any CPU.Build.0 = Debug|Any CPU
		{F3C98D81-F756-4845-8806-7B46D427AE58}.Release|Any CPU.ActiveCfg = Release|Any CPU
		{F3C98D81-F756-4845-8806-7B46D427AE58}.Release|Any CPU.Build.0 = Release|Any CPU
		{5C5403FA-0066-4631-9F6A-4C527167A1B3}.Debug|Any CPU.ActiveCfg = Debug|Any CPU
		{5C5403FA-0066-4631-9F6A-4C527167A1B3}.Debug|Any CPU.Build.0 = Debug|Any CPU
		{5C5403FA-0066-4631-9F6A-4C527167A1B3}.Release|Any CPU.ActiveCfg = Release|Any CPU
		{5C5403FA-0066-4631-9F6A-4C527167A1B3}.Release|Any CPU.Build.0 = Release|Any CPU
		{4868329E-18DD-421A-9D71-016324E15E7D}.Debug|Any CPU.ActiveCfg = Debug|Any CPU
		{4868329E-18DD-421A-9D71-016324E15E7D}.Debug|Any CPU.Build.0 = Debug|Any CPU
		{4868329E-18DD-421A-9D71-016324E15E7D}.Release|Any CPU.ActiveCfg = Release|Any CPU
		{4868329E-18DD-421A-9D71-016324E15E7D}.Release|Any CPU.Build.0 = Release|Any CPU
		{2B5BB13E-0EB6-42E9-B17F-D07C940A2D54}.Debug|Any CPU.ActiveCfg = Debug|Any CPU
		{2B5BB13E-0EB6-42E9-B17F-D07C940A2D54}.Debug|Any CPU.Build.0 = Debug|Any CPU
		{2B5BB13E-0EB6-42E9-B17F-D07C940A2D54}.Release|Any CPU.ActiveCfg = Release|Any CPU
		{2B5BB13E-0EB6-42E9-B17F-D07C940A2D54}.Release|Any CPU.Build.0 = Release|Any CPU
		{4939BF32-185B-4B5E-8921-47B4CDB70A8B}.Debug|Any CPU.ActiveCfg = Debug|Any CPU
		{4939BF32-185B-4B5E-8921-47B4CDB70A8B}.Debug|Any CPU.Build.0 = Debug|Any CPU
		{4939BF32-185B-4B5E-8921-47B4CDB70A8B}.Release|Any CPU.ActiveCfg = Release|Any CPU
		{4939BF32-185B-4B5E-8921-47B4CDB70A8B}.Release|Any CPU.Build.0 = Release|Any CPU
		{65688AB3-DC5C-4EA3-9C21-92C8108B0790}.Debug|Any CPU.ActiveCfg = Debug|Any CPU
		{65688AB3-DC5C-4EA3-9C21-92C8108B0790}.Debug|Any CPU.Build.0 = Debug|Any CPU
		{65688AB3-DC5C-4EA3-9C21-92C8108B0790}.Release|Any CPU.ActiveCfg = Release|Any CPU
		{65688AB3-DC5C-4EA3-9C21-92C8108B0790}.Release|Any CPU.Build.0 = Release|Any CPU
		{311EE259-E1CF-4508-A1E9-D57CE04983D6}.Debug|Any CPU.ActiveCfg = Debug|Any CPU
		{311EE259-E1CF-4508-A1E9-D57CE04983D6}.Debug|Any CPU.Build.0 = Debug|Any CPU
		{311EE259-E1CF-4508-A1E9-D57CE04983D6}.Release|Any CPU.ActiveCfg = Release|Any CPU
		{311EE259-E1CF-4508-A1E9-D57CE04983D6}.Release|Any CPU.Build.0 = Release|Any CPU
		{76A6A519-AC0A-42CE-8001-54E32D5FC390}.Debug|Any CPU.ActiveCfg = Debug|Any CPU
		{76A6A519-AC0A-42CE-8001-54E32D5FC390}.Debug|Any CPU.Build.0 = Debug|Any CPU
		{76A6A519-AC0A-42CE-8001-54E32D5FC390}.Release|Any CPU.ActiveCfg = Release|Any CPU
		{76A6A519-AC0A-42CE-8001-54E32D5FC390}.Release|Any CPU.Build.0 = Release|Any CPU
		{564BC562-E41F-4D2B-81FC-B376384D2251}.Debug|Any CPU.ActiveCfg = Debug|Any CPU
		{564BC562-E41F-4D2B-81FC-B376384D2251}.Debug|Any CPU.Build.0 = Debug|Any CPU
		{564BC562-E41F-4D2B-81FC-B376384D2251}.Release|Any CPU.ActiveCfg = Release|Any CPU
		{564BC562-E41F-4D2B-81FC-B376384D2251}.Release|Any CPU.Build.0 = Release|Any CPU
		{0CBEEA0F-0340-4C10-AD85-BC3F04A67779}.Debug|Any CPU.ActiveCfg = Debug|Any CPU
		{0CBEEA0F-0340-4C10-AD85-BC3F04A67779}.Debug|Any CPU.Build.0 = Debug|Any CPU
		{0CBEEA0F-0340-4C10-AD85-BC3F04A67779}.Release|Any CPU.ActiveCfg = Release|Any CPU
		{0CBEEA0F-0340-4C10-AD85-BC3F04A67779}.Release|Any CPU.Build.0 = Release|Any CPU
	EndGlobalSection
	GlobalSection(SolutionProperties) = preSolution
		HideSolutionNode = FALSE
	EndGlobalSection
	GlobalSection(NestedProjects) = preSolution
		{F3C98D81-F756-4845-8806-7B46D427AE58} = {9713B9C0-506A-4157-B5A6-90E2245B3C32}
		{65688AB3-DC5C-4EA3-9C21-92C8108B0790} = {9713B9C0-506A-4157-B5A6-90E2245B3C32}
	EndGlobalSection
	GlobalSection(ExtensibilityGlobals) = postSolution
		SolutionGuid = {F2A5BD20-CD88-44F3-95EB-10B198E37BA7}
	EndGlobalSection
EndGlobal
